
Microsoft Visual Studio Solution File, Format Version 12.00
# Visual Studio Version 17
VisualStudioVersion = 17.13.35818.85
MinimumVisualStudioVersion = 10.0.40219.1
Project("{FAE04EC0-301F-11D3-BF4B-00C04F79EFBC}") = "FrontCafeteriaMVC", "FrontCafeteriaMVC\FrontCafeteriaMVC.csproj", "{AF2CB127-40C7-4603-9BF9-8CC9FE6A3567}"
EndProject
Global
	GlobalSection(SolutionConfigurationPlatforms) = preSolution
		Debug|Any CPU = Debug|Any CPU
		Release|Any CPU = Release|Any CPU
	EndGlobalSection
	GlobalSection(ProjectConfigurationPlatforms) = postSolution
		{AF2CB127-40C7-4603-9BF9-8CC9FE6A3567}.Debug|Any CPU.ActiveCfg = Debug|Any CPU
		{AF2CB127-40C7-4603-9BF9-8CC9FE6A3567}.Debug|Any CPU.Build.0 = Debug|Any CPU
		{AF2CB127-40C7-4603-9BF9-8CC9FE6A3567}.Release|Any CPU.ActiveCfg = Release|Any CPU
		{AF2CB127-40C7-4603-9BF9-8CC9FE6A3567}.Release|Any CPU.Build.0 = Release|Any CPU
	EndGlobalSection
	GlobalSection(SolutionProperties) = preSolution
		HideSolutionNode = FALSE
	EndGlobalSection
	GlobalSection(ExtensibilityGlobals) = postSolution
		SolutionGuid = {6958A24B-6C7A-4F07-8EFC-47F59E52CBC4}
	EndGlobalSection
EndGlobal
